
Microsoft Visual Studio Solution File, Format Version 12.00
# Visual Studio 15
VisualStudioVersion = 15.0.26124.0
MinimumVisualStudioVersion = 15.0.26124.0
Project("{2150E333-8FDC-42A3-9474-1A3956D46DE8}") = "src", "src", "{14D40127-7A20-4D99-81F4-31FB22D2C5D0}"
EndProject
Project("{FAE04EC0-301F-11D3-BF4B-00C04F79EFBC}") = "UniTube.Core", "src\UniTube.Core\UniTube.Core.csproj", "{9356CA5C-3CE5-4D88-9700-3E28A8A38AA5}"
EndProject
Project("{FAE04EC0-301F-11D3-BF4B-00C04F79EFBC}") = "UniTube.GTK", "src\UniTube.GTK\UniTube.GTK.csproj", "{220B1CC2-CF08-44FA-9EA3-CCC9E5B2F91D}"
EndProject
Global
	GlobalSection(SolutionProperties) = preSolution
		HideSolutionNode = FALSE
	EndGlobalSection
	GlobalSection(SolutionConfigurationPlatforms) = preSolution
		Debug|Any CPU = Debug|Any CPU
		Debug|x64 = Debug|x64
		Debug|x86 = Debug|x86
		Release|Any CPU = Release|Any CPU
		Release|x64 = Release|x64
		Release|x86 = Release|x86
	EndGlobalSection
	GlobalSection(ProjectConfigurationPlatforms) = postSolution
		{9356CA5C-3CE5-4D88-9700-3E28A8A38AA5}.Debug|Any CPU.ActiveCfg = Debug|Any CPU
		{9356CA5C-3CE5-4D88-9700-3E28A8A38AA5}.Debug|Any CPU.Build.0 = Debug|Any CPU
		{9356CA5C-3CE5-4D88-9700-3E28A8A38AA5}.Debug|x64.ActiveCfg = Debug|Any CPU
		{9356CA5C-3CE5-4D88-9700-3E28A8A38AA5}.Debug|x64.Build.0 = Debug|Any CPU
		{9356CA5C-3CE5-4D88-9700-3E28A8A38AA5}.Debug|x86.ActiveCfg = Debug|Any CPU
		{9356CA5C-3CE5-4D88-9700-3E28A8A38AA5}.Debug|x86.Build.0 = Debug|Any CPU
		{9356CA5C-3CE5-4D88-9700-3E28A8A38AA5}.Release|Any CPU.ActiveCfg = Release|Any CPU
		{9356CA5C-3CE5-4D88-9700-3E28A8A38AA5}.Release|Any CPU.Build.0 = Release|Any CPU
		{9356CA5C-3CE5-4D88-9700-3E28A8A38AA5}.Release|x64.ActiveCfg = Release|Any CPU
		{9356CA5C-3CE5-4D88-9700-3E28A8A38AA5}.Release|x64.Build.0 = Release|Any CPU
		{9356CA5C-3CE5-4D88-9700-3E28A8A38AA5}.Release|x86.ActiveCfg = Release|Any CPU
		{9356CA5C-3CE5-4D88-9700-3E28A8A38AA5}.Release|x86.Build.0 = Release|Any CPU
		{220B1CC2-CF08-44FA-9EA3-CCC9E5B2F91D}.Debug|Any CPU.ActiveCfg = Debug|Any CPU
		{220B1CC2-CF08-44FA-9EA3-CCC9E5B2F91D}.Debug|Any CPU.Build.0 = Debug|Any CPU
		{220B1CC2-CF08-44FA-9EA3-CCC9E5B2F91D}.Debug|x64.ActiveCfg = Debug|Any CPU
		{220B1CC2-CF08-44FA-9EA3-CCC9E5B2F91D}.Debug|x64.Build.0 = Debug|Any CPU
		{220B1CC2-CF08-44FA-9EA3-CCC9E5B2F91D}.Debug|x86.ActiveCfg = Debug|Any CPU
		{220B1CC2-CF08-44FA-9EA3-CCC9E5B2F91D}.Debug|x86.Build.0 = Debug|Any CPU
		{220B1CC2-CF08-44FA-9EA3-CCC9E5B2F91D}.Release|Any CPU.ActiveCfg = Release|Any CPU
		{220B1CC2-CF08-44FA-9EA3-CCC9E5B2F91D}.Release|Any CPU.Build.0 = Release|Any CPU
		{220B1CC2-CF08-44FA-9EA3-CCC9E5B2F91D}.Release|x64.ActiveCfg = Release|Any CPU
		{220B1CC2-CF08-44FA-9EA3-CCC9E5B2F91D}.Release|x64.Build.0 = Release|Any CPU
		{220B1CC2-CF08-44FA-9EA3-CCC9E5B2F91D}.Release|x86.ActiveCfg = Release|Any CPU
		{220B1CC2-CF08-44FA-9EA3-CCC9E5B2F91D}.Release|x86.Build.0 = Release|Any CPU
	EndGlobalSection
	GlobalSection(NestedProjects) = preSolution
		{9356CA5C-3CE5-4D88-9700-3E28A8A38AA5} = {14D40127-7A20-4D99-81F4-31FB22D2C5D0}
		{220B1CC2-CF08-44FA-9EA3-CCC9E5B2F91D} = {14D40127-7A20-4D99-81F4-31FB22D2C5D0}
	EndGlobalSection
EndGlobal
